packages:
  axi:
    revision: f07498d53ecd5518b277c7d213ec3b71ca4df93c
    version: 0.39.7
    source:
      Git: https://github.com/pulp-platform/axi.git
    dependencies:
    - common_cells
    - common_verification
    - tech_cells_generic
  common_cells:
    revision: 9afda9abb565971649c2aa0985639c096f351171
    version: 1.38.0
    source:
      Git: https://github.com/pulp-platform/common_cells.git
    dependencies:
    - common_verification
    - tech_cells_generic
  common_verification:
    revision: fb1885f48ea46164a10568aeff51884389f67ae3
    version: 0.2.5
    source:
      Git: https://github.com/pulp-platform/common_verification.git
    dependencies: []
  scm:
    revision: 472f99affe44ff7b282b519c047a3cfeb35b16c6
    version: 1.2.0
    source:
      Git: https://github.com/pulp-platform/scm.git
    dependencies:
    - tech_cells_generic
  tech_cells_generic:
    revision: a9cae21902e75b1434328ecf36f85327ba5717de
    version: 0.2.11
    source:
      Git: https://github.com/pulp-platform/tech_cells_generic.git
    dependencies:
    - common_verification
